
Microsoft Visual Studio Solution File, Format Version 12.00
# Visual Studio 15
VisualStudioVersion = 15.0.28307.779
MinimumVisualStudioVersion = 10.0.40219.1
Project("{FAE04EC0-301F-11D3-BF4B-00C04F79EFBC}") = "UTF8FilesConverter", "UTF8FilesConverter\UTF8FilesConverter.csproj", "{A9032DC7-F312-4739-87AA-50770361691D}"
EndProject
Global
	GlobalSection(SolutionConfigurationPlatforms) = preSolution
		Debug|Any CPU = Debug|Any CPU
		Release|Any CPU = Release|Any CPU
	EndGlobalSection
	GlobalSection(ProjectConfigurationPlatforms) = postSolution
		{A9032DC7-F312-4739-87AA-50770361691D}.Debug|Any CPU.ActiveCfg = Debug|Any CPU
		{A9032DC7-F312-4739-87AA-50770361691D}.Debug|Any CPU.Build.0 = Debug|Any CPU
		{A9032DC7-F312-4739-87AA-50770361691D}.Release|Any CPU.ActiveCfg = Release|Any CPU
		{A9032DC7-F312-4739-87AA-50770361691D}.Release|Any CPU.Build.0 = Release|Any CPU
	EndGlobalSection
	GlobalSection(SolutionProperties) = preSolution
		HideSolutionNode = FALSE
	EndGlobalSection
	GlobalSection(ExtensibilityGlobals) = postSolution
		SolutionGuid = {F81563FC-3C47-4E9C-88BB-046C87295E96}
	EndGlobalSection
EndGlobal
